<?xml version="1.0" encoding="utf-8"?>
<Project ToolsVersion="4.0" xmlns="http://schemas.microsoft.com/developer/msbuild/2003">
  <ItemGroup>
    <Filter Include="src">
      <UniqueIdentifier>{ca2ef622-b449-4693-995a-9c9e66a4031e}</UniqueIdentifier>
    </Filter>
    <Filter Include="src\railgun">
      <UniqueIdentifier>{33876a2b-2f27-4c6f-9bfa-4db25cbeeeb7}</UniqueIdentifier>
    </Filter>
  </ItemGroup>
  <ItemGroup>
    <ClCompile Include="..\src\main.cpp">
      <Filter>src</Filter>
    </ClCompile>
    <ClCompile Include="..\src\railgun\railgun.cpp">
      <Filter>src\railgun</Filter>
    </ClCompile>
  </ItemGroup>
  <ItemGroup>
    <ClInclude Include="..\src\railgun\railgun.h">
      <Filter>src\railgun</Filter>
    </ClInclude>
  </ItemGroup>
</Project>