<?xml version="1.0" encoding="utf-8"?>
<Project ToolsVersion="4.0" xmlns="http://schemas.microsoft.com/developer/msbuild/2003">
  <ItemGroup>
    <Filter Include="src">
      <UniqueIdentifier>{ca2ef622-b449-4693-995a-9c9e66a4031e}</UniqueIdentifier>
    </Filter>
    <Filter Include="src\railgun">
      <UniqueIdentifier>{33876a2b-2f27-4c6f-9bfa-4db25cbeeeb7}</UniqueIdentifier>
    </Filter>
    <Filter Include="src\elements">
      <UniqueIdentifier>{da00f415-9e8b-496a-b196-fdef49a350bb}</UniqueIdentifier>
    </Filter>
    <Filter Include="src\elements\gameplay">
      <UniqueIdentifier>{2b858157-da97-44e2-b10a-26afb762916e}</UniqueIdentifier>
    </Filter>
    <Filter Include="src\objects">
      <UniqueIdentifier>{8700b0e5-0282-41c8-9301-2edb826094a0}</UniqueIdentifier>
    </Filter>
    <Filter Include="src\objects\player">
      <UniqueIdentifier>{2d591f1f-9cff-4a72-aedc-8d58a1445a50}</UniqueIdentifier>
    </Filter>
    <Filter Include="src\objects\with_mobility">
      <UniqueIdentifier>{315f602b-c24b-43bc-8ff7-36b4512d2967}</UniqueIdentifier>
    </Filter>
    <Filter Include="src\objects\obstacle">
      <UniqueIdentifier>{2bc3a9d4-9b76-4057-b8c8-7c78a09ed51f}</UniqueIdentifier>
    </Filter>
    <Filter Include="src\elements\map">
      <UniqueIdentifier>{bdde013a-1150-4740-99ba-def805b35f53}</UniqueIdentifier>
    </Filter>
  </ItemGroup>
  <ItemGroup>
    <ClCompile Include="..\src\main.cpp">
      <Filter>src</Filter>
    </ClCompile>
    <ClCompile Include="..\src\railgun\railgun.cpp">
      <Filter>src\railgun</Filter>
    </ClCompile>
    <ClCompile Include="..\src\elements\gameplay\gameplay.cpp">
      <Filter>src\elements\gameplay</Filter>
    </ClCompile>
    <ClCompile Include="..\src\objects\player\player.cpp">
      <Filter>src\objects\player</Filter>
    </ClCompile>
    <ClCompile Include="..\src\objects\with_mobility\with_mobility.cpp">
      <Filter>src\objects\with_mobility</Filter>
    </ClCompile>
    <ClCompile Include="..\src\objects\object.cpp">
      <Filter>src\objects</Filter>
    </ClCompile>
    <ClCompile Include="..\src\objects\obstacle\obstacle.cpp">
      <Filter>src\objects\obstacle</Filter>
    </ClCompile>
    <ClCompile Include="..\src\elements\map\map.cpp">
      <Filter>src\elements\map</Filter>
    </ClCompile>
  </ItemGroup>
  <ItemGroup>
    <ClInclude Include="..\src\railgun\railgun.h">
      <Filter>src\railgun</Filter>
    </ClInclude>
    <ClInclude Include="..\src\elements\gameplay\gameplay.h">
      <Filter>src\elements\gameplay</Filter>
    </ClInclude>
    <ClInclude Include="..\src\objects\player\player.h">
      <Filter>src\objects\player</Filter>
    </ClInclude>
    <ClInclude Include="..\src\objects\with_mobility\with_mobility.h">
      <Filter>src\objects\with_mobility</Filter>
    </ClInclude>
    <ClInclude Include="..\src\objects\object.h">
      <Filter>src\objects</Filter>
    </ClInclude>
    <ClInclude Include="..\src\objects\obstacle\obstacle.h">
      <Filter>src\objects\obstacle</Filter>
    </ClInclude>
    <ClInclude Include="..\src\elements\map\map.h">
      <Filter>src\elements\map</Filter>
    </ClInclude>
  </ItemGroup>
</Project>